
Microsoft Visual Studio Solution File, Format Version 12.00
# Visual Studio Version 17
VisualStudioVersion = 17.13.35931.197 d17.13
MinimumVisualStudioVersion = 10.0.40219.1
Project("{FAE04EC0-301F-11D3-BF4B-00C04F79EFBC}") = "OneBotSharp.V11", "OneBotSharp.V11\OneBotSharp.V11.csproj", "{3C6E095B-E48F-420B-A4F8-324807AB8008}"
EndProject
Global
	GlobalSection(SolutionConfigurationPlatforms) = preSolution
		Debug|Any CPU = Debug|Any CPU
		Release|Any CPU = Release|Any CPU
	EndGlobalSection
	GlobalSection(ProjectConfigurationPlatforms) = postSolution
		{3C6E095B-E48F-420B-A4F8-324807AB8008}.Debug|Any CPU.ActiveCfg = Debug|Any CPU
		{3C6E095B-E48F-420B-A4F8-324807AB8008}.Debug|Any CPU.Build.0 = Debug|Any CPU
		{3C6E095B-E48F-420B-A4F8-324807AB8008}.Release|Any CPU.ActiveCfg = Release|Any CPU
		{3C6E095B-E48F-420B-A4F8-324807AB8008}.Release|Any CPU.Build.0 = Release|Any CPU
	EndGlobalSection
	GlobalSection(SolutionProperties) = preSolution
		HideSolutionNode = FALSE
	EndGlobalSection
	GlobalSection(ExtensibilityGlobals) = postSolution
		SolutionGuid = {44C84932-31FC-4668-A07F-547649D80FA4}
	EndGlobalSection
EndGlobal
